
Microsoft Visual Studio Solution File, Format Version 12.00
# Visual Studio Version 16
VisualStudioVersion = 16.0.30404.54
MinimumVisualStudioVersion = 10.0.40219.1
Project("{9092AA53-FB77-4645-B42D-1CCCA6BD08BD}") = "nodethreejs", "nodethreejs.njsproj", "{5C5ACFAA-BAAF-4616-A7A1-D818F02D6BE7}"
EndProject
Global
	GlobalSection(SolutionConfigurationPlatforms) = preSolution
		Debug|Any CPU = Debug|Any CPU
		Release|Any CPU = Release|Any CPU
	EndGlobalSection
	GlobalSection(ProjectConfigurationPlatforms) = postSolution
		{5C5ACFAA-BAAF-4616-A7A1-D818F02D6BE7}.Debug|Any CPU.ActiveCfg = Debug|Any CPU
		{5C5ACFAA-BAAF-4616-A7A1-D818F02D6BE7}.Debug|Any CPU.Build.0 = Debug|Any CPU
		{5C5ACFAA-BAAF-4616-A7A1-D818F02D6BE7}.Release|Any CPU.ActiveCfg = Release|Any CPU
		{5C5ACFAA-BAAF-4616-A7A1-D818F02D6BE7}.Release|Any CPU.Build.0 = Release|Any CPU
	EndGlobalSection
	GlobalSection(SolutionProperties) = preSolution
		HideSolutionNode = FALSE
	EndGlobalSection
	GlobalSection(ExtensibilityGlobals) = postSolution
		SolutionGuid = {B4EE40AA-D5F5-4AB5-BB72-AD0B8055F707}
	EndGlobalSection
EndGlobal
